
Microsoft Visual Studio Solution File, Format Version 12.00
# Visual Studio Version 16
VisualStudioVersion = 16.0.30907.101
MinimumVisualStudioVersion = 10.0.40219.1
Project("{9A19103F-16F7-4668-BE54-9A1E7A4F7556}") = "DepartmentManagement", "DepartmentManagement\DepartmentManagement.csproj", "{D9CDEB9A-A70B-4576-BB8E-DD8D3915D6EF}"
EndProject
Project("{9A19103F-16F7-4668-BE54-9A1E7A4F7556}") = "Models", "Models\Models.csproj", "{99D7EE17-95B5-45D2-9256-8A28D3987FDE}"
EndProject
Project("{9A19103F-16F7-4668-BE54-9A1E7A4F7556}") = "DataAccess", "DataAccess\DataAccess.csproj", "{053278DE-F22D-4699-B7F5-4134FABC4F9C}"
EndProject
Global
	GlobalSection(SolutionConfigurationPlatforms) = preSolution
		Debug|Any CPU = Debug|Any CPU
		Release|Any CPU = Release|Any CPU
	EndGlobalSection
	GlobalSection(ProjectConfigurationPlatforms) = postSolution
		{D9CDEB9A-A70B-4576-BB8E-DD8D3915D6EF}.Debug|Any CPU.ActiveCfg = Debug|Any CPU
		{D9CDEB9A-A70B-4576-BB8E-DD8D3915D6EF}.Debug|Any CPU.Build.0 = Debug|Any CPU
		{D9CDEB9A-A70B-4576-BB8E-DD8D3915D6EF}.Release|Any CPU.ActiveCfg = Release|Any CPU
		{D9CDEB9A-A70B-4576-BB8E-DD8D3915D6EF}.Release|Any CPU.Build.0 = Release|Any CPU
		{99D7EE17-95B5-45D2-9256-8A28D3987FDE}.Debug|Any CPU.ActiveCfg = Debug|Any CPU
		{99D7EE17-95B5-45D2-9256-8A28D3987FDE}.Debug|Any CPU.Build.0 = Debug|Any CPU
		{99D7EE17-95B5-45D2-9256-8A28D3987FDE}.Release|Any CPU.ActiveCfg = Release|Any CPU
		{99D7EE17-95B5-45D2-9256-8A28D3987FDE}.Release|Any CPU.Build.0 = Release|Any CPU
		{053278DE-F22D-4699-B7F5-4134FABC4F9C}.Debug|Any CPU.ActiveCfg = Debug|Any CPU
		{053278DE-F22D-4699-B7F5-4134FABC4F9C}.Debug|Any CPU.Build.0 = Debug|Any CPU
		{053278DE-F22D-4699-B7F5-4134FABC4F9C}.Release|Any CPU.ActiveCfg = Release|Any CPU
		{053278DE-F22D-4699-B7F5-4134FABC4F9C}.Release|Any CPU.Build.0 = Release|Any CPU
	EndGlobalSection
	GlobalSection(SolutionProperties) = preSolution
		HideSolutionNode = FALSE
	EndGlobalSection
	GlobalSection(ExtensibilityGlobals) = postSolution
		SolutionGuid = {15C55237-0D65-484F-B9E5-2A4CAE2C2062}
	EndGlobalSection
EndGlobal
